// !$*UTF8*$!
{
	archiveVersion = 1;
	classes = {
	};
	objectVersion = 55;
	objects = {

/* Begin PBXBuildFile section */
		F24FEA822775A9DD0043FD8B /* PhysicsCategory.swift in Sources */ = {isa = PBXBuildFile; fileRef = F24FEA812775A9DD0043FD8B /* PhysicsCategory.swift */; };
		F2B6164A2775C93200BCE6C4 /* trail.sks in Resources */ = {isa = PBXBuildFile; fileRef = F2B616492775C93200BCE6C4 /* trail.sks */; };
		F2BD5C5B2773C4DC00136C85 /* AppDelegate.swift in Sources */ = {isa = PBXBuildFile; fileRef = F2BD5C5A2773C4DC00136C85 /* AppDelegate.swift */; };
		F2BD5C5D2773C4DC00136C85 /* GameScene.sks in Resources */ = {isa = PBXBuildFile; fileRef = F2BD5C5C2773C4DC00136C85 /* GameScene.sks */; };
		F2BD5C5F2773C4DC00136C85 /* Actions.sks in Resources */ = {isa = PBXBuildFile; fileRef = F2BD5C5E2773C4DC00136C85 /* Actions.sks */; };
		F2BD5C612773C4DC00136C85 /* GameScene.swift in Sources */ = {isa = PBXBuildFile; fileRef = F2BD5C602773C4DC00136C85 /* GameScene.swift */; };
		F2BD5C632773C4DC00136C85 /* GameViewController.swift in Sources */ = {isa = PBXBuildFile; fileRef = F2BD5C622773C4DC00136C85 /* GameViewController.swift */; };
		F2BD5C662773C4DC00136C85 /* Main.storyboard in Resources */ = {isa = PBXBuildFile; fileRef = F2BD5C642773C4DC00136C85 /* Main.storyboard */; };
		F2BD5C682773C4DE00136C85 /* Assets.xcassets in Resources */ = {isa = PBXBuildFile; fileRef = F2BD5C672773C4DE00136C85 /* Assets.xcassets */; };
		F2BD5C6B2773C4DE00136C85 /* LaunchScreen.storyboard in Resources */ = {isa = PBXBuildFile; fileRef = F2BD5C692773C4DE00136C85 /* LaunchScreen.storyboard */; };
/* End PBXBuildFile section */

/* Begin PBXFileReference section */
		F24FEA812775A9DD0043FD8B /* PhysicsCategory.swift */ = {isa = PBXFileReference; lastKnownFileType = sourcecode.swift; path = PhysicsCategory.swift; sourceTree = "<group>"; };
		F2B616492775C93200BCE6C4 /* trail.sks */ = {isa = PBXFileReference; lastKnownFileType = file.sks; path = trail.sks; sourceTree = "<group>"; };
		F2BD5C572773C4DC00136C85 /* GravitationFun.app */ = {isa = PBXFileReference; explicitFileType = wrapper.application; includeInIndex = 0; path = GravitationFun.app; sourceTree = BUILT_PRODUCTS_DIR; };
		F2BD5C5A2773C4DC00136C85 /* AppDelegate.swift */ = {isa = PBXFileReference; lastKnownFileType = sourcecode.swift; path = AppDelegate.swift; sourceTree = "<group>"; };
		F2BD5C5C2773C4DC00136C85 /* GameScene.sks */ = {isa = PBXFileReference; lastKnownFileType = file.sks; path = GameScene.sks; sourceTree = "<group>"; };
		F2BD5C5E2773C4DC00136C85 /* Actions.sks */ = {isa = PBXFileReference; lastKnownFileType = file.sks; path = Actions.sks; sourceTree = "<group>"; };
		F2BD5C602773C4DC00136C85 /* GameScene.swift */ = {isa = PBXFileReference; lastKnownFileType = sourcecode.swift; path = GameScene.swift; sourceTree = "<group>"; };
		F2BD5C622773C4DC00136C85 /* GameViewController.swift */ = {isa = PBXFileReference; lastKnownFileType = sourcecode.swift; path = GameViewController.swift; sourceTree = "<group>"; };
		F2BD5C652773C4DC00136C85 /* Base */ = {isa = PBXFileReference; lastKnownFileType = file.storyboard; name = Base; path = Base.lproj/Main.storyboard; sourceTree = "<group>"; };
		F2BD5C672773C4DE00136C85 /* Assets.xcassets */ = {isa = PBXFileReference; lastKnownFileType = folder.assetcatalog; path = Assets.xcassets; sourceTree = "<group>"; };
		F2BD5C6A2773C4DE00136C85 /* Base */ = {isa = PBXFileReference; lastKnownFileType = file.storyboard; name = Base; path = Base.lproj/LaunchScreen.storyboard; sourceTree = "<group>"; };
/* End PBXFileReference section */

/* Begin PBXFrameworksBuildPhase section */
		F2BD5C542773C4DC00136C85 /* Frameworks */ = {
			isa = PBXFrameworksBuildPhase;
			buildActionMask = 2147483647;
			files = (
			);
			runOnlyForDeploymentPostprocessing = 0;
		};
/* End PBXFrameworksBuildPhase section */

/* Begin PBXGroup section */
		F2BD5C4E2773C4DC00136C85 = {
			isa = PBXGroup;
			children = (
				F2BD5C592773C4DC00136C85 /* GravitationFun */,
				F2BD5C582773C4DC00136C85 /* Products */,
			);
			sourceTree = "<group>";
		};
		F2BD5C582773C4DC00136C85 /* Products */ = {
			isa = PBXGroup;
			children = (
				F2BD5C572773C4DC00136C85 /* GravitationFun.app */,
			);
			name = Products;
			sourceTree = "<group>";
		};
		F2BD5C592773C4DC00136C85 /* GravitationFun */ = {
			isa = PBXGroup;
			children = (
				F2BD5C5A2773C4DC00136C85 /* AppDelegate.swift */,
				F2BD5C5C2773C4DC00136C85 /* GameScene.sks */,
				F2BD5C5E2773C4DC00136C85 /* Actions.sks */,
				F2B616492775C93200BCE6C4 /* trail.sks */,
				F2BD5C602773C4DC00136C85 /* GameScene.swift */,
				F2BD5C622773C4DC00136C85 /* GameViewController.swift */,
				F24FEA812775A9DD0043FD8B /* PhysicsCategory.swift */,
				F2BD5C642773C4DC00136C85 /* Main.storyboard */,
				F2BD5C672773C4DE00136C85 /* Assets.xcassets */,
				F2BD5C692773C4DE00136C85 /* LaunchScreen.storyboard */,
			);
			path = GravitationFun;
			sourceTree = "<group>";
		};
/* End PBXGroup section */

/* Begin PBXNativeTarget section */
		F2BD5C562773C4DC00136C85 /* GravitationFun */ = {
			isa = PBXNativeTarget;
			buildConfigurationList = F2BD5C6E2773C4DE00136C85 /* Build configuration list for PBXNativeTarget "GravitationFun" */;
			buildPhases = (
				F2BD5C532773C4DC00136C85 /* Sources */,
				F2BD5C542773C4DC00136C85 /* Frameworks */,
				F2BD5C552773C4DC00136C85 /* Resources */,
			);
			buildRules = (
			);
			dependencies = (
			);
			name = GravitationFun;
			productName = GravitationFun;
			productReference = F2BD5C572773C4DC00136C85 /* GravitationFun.app */;
			productType = "com.apple.product-type.application";
		};
/* End PBXNativeTarget section */

/* Begin PBXProject section */
		F2BD5C4F2773C4DC00136C85 /* Project object */ = {
			isa = PBXProject;
			attributes = {
				BuildIndependentTargetsInParallel = 1;
				LastSwiftUpdateCheck = 1310;
				LastUpgradeCheck = 1310;
				TargetAttributes = {
					F2BD5C562773C4DC00136C85 = {
						CreatedOnToolsVersion = 13.1;
					};
				};
			};
			buildConfigurationList = F2BD5C522773C4DC00136C85 /* Build configuration list for PBXProject "GravitationFun" */;
			compatibilityVersion = "Xcode 13.0";
			developmentRegion = en;
			hasScannedForEncodings = 0;
			knownRegions = (
				en,
				Base,
			);
			mainGroup = F2BD5C4E2773C4DC00136C85;
			productRefGroup = F2BD5C582773C4DC00136C85 /* Products */;
			projectDirPath = "";
			projectRoot = "";
			targets = (
				F2BD5C562773C4DC00136C85 /* GravitationFun */,
			);
		};
/* End PBXProject section */

/* Begin PBXResourcesBuildPhase section */
		F2BD5C552773C4DC00136C85 /* Resources */ = {
			isa = PBXResourcesBuildPhase;
			buildActionMask = 2147483647;
			files = (
				F2BD5C662773C4DC00136C85 /* Main.storyboard in Resources */,
				F2BD5C5D2773C4DC00136C85 /* GameScene.sks in Resources */,
				F2B6164A2775C93200BCE6C4 /* trail.sks in Resources */,
				F2BD5C682773C4DE00136C85 /* Assets.xcassets in Resources */,
				F2BD5C6B2773C4DE00136C85 /* LaunchScreen.storyboard in Resources */,
				F2BD5C5F2773C4DC00136C85 /* Actions.sks in Resources */,
			);
			runOnlyForDeploymentPostprocessing = 0;
		};
/* End PBXResourcesBuildPhase section */

/* Begin PBXSourcesBuildPhase section */
		F2BD5C532773C4DC00136C85 /* Sources */ = {
			isa = PBXSourcesBuildPhase;
			buildActionMask = 2147483647;
			files = (
				F2BD5C612773C4DC00136C85 /* GameScene.swift in Sources */,
				F24FEA822775A9DD0043FD8B /* PhysicsCategory.swift in Sources */,
				F2BD5C632773C4DC00136C85 /* GameViewController.swift in Sources */,
				F2BD5C5B2773C4DC00136C85 /* AppDelegate.swift in Sources */,
			);
			runOnlyForDeploymentPostprocessing = 0;
		};
/* End PBXSourcesBuildPhase section */

/* Begin PBXVariantGroup section */
		F2BD5C642773C4DC00136C85 /* Main.storyboard */ = {
			isa = PBXVariantGroup;
			children = (
				F2BD5C652773C4DC00136C85 /* Base */,
			);
			name = Main.storyboard;
			sourceTree = "<group>";
		};
		F2BD5C692773C4DE00136C85 /* LaunchScreen.storyboard */ = {
			isa = PBXVariantGroup;
			children = (
				F2BD5C6A2773C4DE00136C85 /* Base */,
			);
			name = LaunchScreen.storyboard;
			sourceTree = "<group>";
		};
/* End PBXVariantGroup section */

/* Begin XCBuildConfiguration section */
		F2BD5C6C2773C4DE00136C85 /* Debug */ = {
			isa = XCBuildConfiguration;
			buildSettings = {
				ALWAYS_SEARCH_USER_PATHS = NO;
				CLANG_ANALYZER_NONNULL = YES;
				CLANG_ANALYZER_NUMBER_OBJECT_CONVERSION = YES_AGGRESSIVE;
				CLANG_CXX_LANGUAGE_STANDARD = "gnu++17";
				CLANG_CXX_LIBRARY = "libc++";
				CLANG_ENABLE_MODULES = YES;
				CLANG_ENABLE_OBJC_ARC = YES;
				CLANG_ENABLE_OBJC_WEAK = YES;
				CLANG_WARN_BLOCK_CAPTURE_AUTORELEASING = YES;
				CLANG_WARN_BOOL_CONVERSION = YES;
				CLANG_WARN_COMMA = YES;
				CLANG_WARN_CONSTANT_CONVERSION = YES;
				CLANG_WARN_DEPRECATED_OBJC_IMPLEMENTATIONS = YES;
				CLANG_WARN_DIRECT_OBJC_ISA_USAGE = YES_ERROR;
				CLANG_WARN_DOCUMENTATION_COMMENTS = YES;
				CLANG_WARN_EMPTY_BODY = YES;
				CLANG_WARN_ENUM_CONVERSION = YES;
				CLANG_WARN_INFINITE_RECURSION = YES;
				CLANG_WARN_INT_CONVERSION = YES;
				CLANG_WARN_NON_LITERAL_NULL_CONVERSION = YES;
				CLANG_WARN_OBJC_IMPLICIT_RETAIN_SELF = YES;
				CLANG_WARN_OBJC_LITERAL_CONVERSION = YES;
				CLANG_WARN_OBJC_ROOT_CLASS = YES_ERROR;
				CLANG_WARN_QUOTED_INCLUDE_IN_FRAMEWORK_HEADER = YES;
				CLANG_WARN_RANGE_LOOP_ANALYSIS = YES;
				CLANG_WARN_STRICT_PROTOTYPES = YES;
				CLANG_WARN_SUSPICIOUS_MOVE = YES;
				CLANG_WARN_UNGUARDED_AVAILABILITY = YES_AGGRESSIVE;
				CLANG_WARN_UNREACHABLE_CODE = YES;
				CLANG_WARN__DUPLICATE_METHOD_MATCH = YES;
				COPY_PHASE_STRIP = NO;
				DEBUG_INFORMATION_FORMAT = dwarf;
				ENABLE_STRICT_OBJC_MSGSEND = YES;
				ENABLE_TESTABILITY = YES;
				GCC_C_LANGUAGE_STANDARD = gnu11;
				GCC_DYNAMIC_NO_PIC = NO;
				GCC_NO_COMMON_BLOCKS = YES;
				GCC_OPTIMIZATION_LEVEL = 0;
				GCC_PREPROCESSOR_DEFINITIONS = (
					"DEBUG=1",
					"$(inherited)",
				);
				GCC_WARN_64_TO_32_BIT_CONVERSION = YES;
				GCC_WARN_ABOUT_RETURN_TYPE = YES_ERROR;
				GCC_WARN_UNDECLARED_SELECTOR = YES;
				GCC_WARN_UNINITIALIZED_AUTOS = YES_AGGRESSIVE;
				GCC_WARN_UNUSED_FUNCTION = YES;
				GCC_WARN_UNUSED_VARIABLE = YES;
				IPHONEOS_DEPLOYMENT_TARGET = 15.0;
				MTL_ENABLE_DEBUG_INFO = INCLUDE_SOURCE;
				MTL_FAST_MATH = YES;
				ONLY_ACTIVE_ARCH = YES;
				SDKROOT = iphoneos;
				SWIFT_ACTIVE_COMPILATION_CONDITIONS = DEBUG;
				SWIFT_OPTIMIZATION_LEVEL = "-Onone";
			};
			name = Debug;
		};
		F2BD5C6D2773C4DE00136C85 /* Release */ = {
			isa = XCBuildConfiguration;
			buildSettings = {
				ALWAYS_SEARCH_USER_PATHS = NO;
				CLANG_ANALYZER_NONNULL = YES;
				CLANG_ANALYZER_NUMBER_OBJECT_CONVERSION = YES_AGGRESSIVE;
				CLANG_CXX_LANGUAGE_STANDARD = "gnu++17";
				CLANG_CXX_LIBRARY = "libc++";
				CLANG_ENABLE_MODULES = YES;
				CLANG_ENABLE_OBJC_ARC = YES;
				CLANG_ENABLE_OBJC_WEAK = YES;
				CLANG_WARN_BLOCK_CAPTURE_AUTORELEASING = YES;
				CLANG_WARN_BOOL_CONVERSION = YES;
				CLANG_WARN_COMMA = YES;
				CLANG_WARN_CONSTANT_CONVERSION = YES;
				CLANG_WARN_DEPRECATED_OBJC_IMPLEMENTATIONS = YES;
				CLANG_WARN_DIRECT_OBJC_ISA_USAGE = YES_ERROR;
				CLANG_WARN_DOCUMENTATION_COMMENTS = YES;
				CLANG_WARN_EMPTY_BODY = YES;
				CLANG_WARN_ENUM_CONVERSION = YES;
				CLANG_WARN_INFINITE_RECURSION = YES;
				CLANG_WARN_INT_CONVERSION = YES;
				CLANG_WARN_NON_LITERAL_NULL_CONVERSION = YES;
				CLANG_WARN_OBJC_IMPLICIT_RETAIN_SELF = YES;
				CLANG_WARN_OBJC_LITERAL_CONVERSION = YES;
				CLANG_WARN_OBJC_ROOT_CLASS = YES_ERROR;
				CLANG_WARN_QUOTED_INCLUDE_IN_FRAMEWORK_HEADER = YES;
				CLANG_WARN_RANGE_LOOP_ANALYSIS = YES;
				CLANG_WARN_STRICT_PROTOTYPES = YES;
				CLANG_WARN_SUSPICIOUS_MOVE = YES;
				CLANG_WARN_UNGUARDED_AVAILABILITY = YES_AGGRESSIVE;
				CLANG_WARN_UNREACHABLE_CODE = YES;
				CLANG_WARN__DUPLICATE_METHOD_MATCH = YES;
				COPY_PHASE_STRIP = NO;
				DEBUG_INFORMATION_FORMAT = "dwarf-with-dsym";
				ENABLE_NS_ASSERTIONS = NO;
				ENABLE_STRICT_OBJC_MSGSEND = YES;
				GCC_C_LANGUAGE_STANDARD = gnu11;
				GCC_NO_COMMON_BLOCKS = YES;
				GCC_WARN_64_TO_32_BIT_CONVERSION = YES;
				GCC_WARN_ABOUT_RETURN_TYPE = YES_ERROR;
				GCC_WARN_UNDECLARED_SELECTOR = YES;
				GCC_WARN_UNINITIALIZED_AUTOS = YES_AGGRESSIVE;
				GCC_WARN_UNUSED_FUNCTION = YES;
				GCC_WARN_UNUSED_VARIABLE = YES;
				IPHONEOS_DEPLOYMENT_TARGET = 15.0;
				MTL_ENABLE_DEBUG_INFO = NO;
				MTL_FAST_MATH = YES;
				SDKROOT = iphoneos;
				SWIFT_COMPILATION_MODE = wholemodule;
				SWIFT_OPTIMIZATION_LEVEL = "-O";
				VALIDATE_PRODUCT = YES;
			};
			name = Release;
		};
		F2BD5C6F2773C4DE00136C85 /* Debug */ = {
			isa = XCBuildConfiguration;
			buildSettings = {
				ASSETCATALOG_COMPILER_APPICON_NAME = AppIcon;
				ASSETCATALOG_COMPILER_GLOBAL_ACCENT_COLOR_NAME = AccentColor;
				CODE_SIGN_STYLE = Automatic;
				CURRENT_PROJECT_VERSION = 1;
				DEVELOPMENT_TEAM = Q6PD97MRX4;
				GENERATE_INFOPLIST_FILE = YES;
				INFOPLIST_KEY_UIApplicationSupportsIndirectInputEvents = YES;
				INFOPLIST_KEY_UILaunchStoryboardName = LaunchScreen;
				INFOPLIST_KEY_UIMainStoryboardFile = Main;
				INFOPLIST_KEY_UIStatusBarHidden = YES;
				INFOPLIST_KEY_UISupportedInterfaceOrientations_iPad = "UIInterfaceOrientationPortrait UIInterfaceOrientationPortraitUpsideDown UIInterfaceOrientationLandscapeLeft UIInterfaceOrientationLandscapeRight";
				INFOPLIST_KEY_UISupportedInterfaceOrientations_iPhone = "UIInterfaceOrientationPortrait UIInterfaceOrientationLandscapeLeft UIInterfaceOrientationLandscapeRight";
				IPHONEOS_DEPLOYMENT_TARGET = 12.4;
				LD_RUNPATH_SEARCH_PATHS = (
					"$(inherited)",
					"@executable_path/Frameworks",
				);
				MARKETING_VERSION = 1.0;
				PRODUCT_BUNDLE_IDENTIFIER = de.dasdom.GravitationFun;
				PRODUCT_NAME = "$(TARGET_NAME)";
				SWIFT_EMIT_LOC_STRINGS = YES;
				SWIFT_VERSION = 5.0;
				TARGETED_DEVICE_FAMILY = "1,2";
			};
			name = Debug;
		};
		F2BD5C702773C4DE00136C85 /* Release */ = {
			isa = XCBuildConfiguration;
			buildSettings = {
				ASSETCATALOG_COMPILER_APPICON_NAME = AppIcon;
				ASSETCATALOG_COMPILER_GLOBAL_ACCENT_COLOR_NAME = AccentColor;
				CODE_SIGN_STYLE = Automatic;
				CURRENT_PROJECT_VERSION = 1;
				DEVELOPMENT_TEAM = Q6PD97MRX4;
				GENERATE_INFOPLIST_FILE = YES;
				INFOPLIST_KEY_UIApplicationSupportsIndirectInputEvents = YES;
				INFOPLIST_KEY_UILaunchStoryboardName = LaunchScreen;
				INFOPLIST_KEY_UIMainStoryboardFile = Main;
				INFOPLIST_KEY_UIStatusBarHidden = YES;
				INFOPLIST_KEY_UISupportedInterfaceOrientations_iPad = "UIInterfaceOrientationPortrait UIInterfaceOrientationPortraitUpsideDown UIInterfaceOrientationLandscapeLeft UIInterfaceOrientationLandscapeRight";
				INFOPLIST_KEY_UISupportedInterfaceOrientations_iPhone = "UIInterfaceOrientationPortrait UIInterfaceOrientationLandscapeLeft UIInterfaceOrientationLandscapeRight";
				IPHONEOS_DEPLOYMENT_TARGET = 12.4;
				LD_RUNPATH_SEARCH_PATHS = (
					"$(inherited)",
					"@executable_path/Frameworks",
				);
				MARKETING_VERSION = 1.0;
				PRODUCT_BUNDLE_IDENTIFIER = de.dasdom.GravitationFun;
				PRODUCT_NAME = "$(TARGET_NAME)";
				SWIFT_EMIT_LOC_STRINGS = YES;
				SWIFT_VERSION = 5.0;
				TARGETED_DEVICE_FAMILY = "1,2";
			};
			name = Release;
		};
/* End XCBuildConfiguration section */

/* Begin XCConfigurationList section */
		F2BD5C522773C4DC00136C85 /* Build configuration list for PBXProject "GravitationFun" */ = {
			isa = XCConfigurationList;
			buildConfigurations = (
				F2BD5C6C2773C4DE00136C85 /* Debug */,
				F2BD5C6D2773C4DE00136C85 /* Release */,
			);
			defaultConfigurationIsVisible = 0;
			defaultConfigurationName = Release;
		};
		F2BD5C6E2773C4DE00136C85 /* Build configuration list for PBXNativeTarget "GravitationFun" */ = {
			isa = XCConfigurationList;
			buildConfigurations = (
				F2BD5C6F2773C4DE00136C85 /* Debug */,
				F2BD5C702773C4DE00136C85 /* Release */,
			);
			defaultConfigurationIsVisible = 0;
			defaultConfigurationName = Release;
		};
/* End XCConfigurationList section */
	};
	rootObject = F2BD5C4F2773C4DC00136C85 /* Project object */;
}
